
Microsoft Visual Studio Solution File, Format Version 12.00
# Visual Studio Version 17
VisualStudioVersion = 17.1.32319.34
MinimumVisualStudioVersion = 10.0.40219.1
Project("{FAE04EC0-301F-11D3-BF4B-00C04F79EFBC}") = "Bietigheim Sunshine", "Bietigheim Sunshine.csproj", "{38F86BD8-5273-4EEE-8576-9ABD5449F2AA}"
EndProject
Global
	GlobalSection(SolutionConfigurationPlatforms) = preSolution
		Debug|Any CPU = Debug|Any CPU
		Release|Any CPU = Release|Any CPU
	EndGlobalSection
	GlobalSection(ProjectConfigurationPlatforms) = postSolution
		{38F86BD8-5273-4EEE-8576-9ABD5449F2AA}.Debug|Any CPU.ActiveCfg = Debug|Any CPU
		{38F86BD8-5273-4EEE-8576-9ABD5449F2AA}.Debug|Any CPU.Build.0 = Debug|Any CPU
		{38F86BD8-5273-4EEE-8576-9ABD5449F2AA}.Release|Any CPU.ActiveCfg = Release|Any CPU
		{38F86BD8-5273-4EEE-8576-9ABD5449F2AA}.Release|Any CPU.Build.0 = Release|Any CPU
	EndGlobalSection
	GlobalSection(SolutionProperties) = preSolution
		HideSolutionNode = FALSE
	EndGlobalSection
	GlobalSection(ExtensibilityGlobals) = postSolution
		SolutionGuid = {FDE6916D-B753-4ADD-AF28-913AE6BB4640}
	EndGlobalSection
EndGlobal
